
Microsoft Visual Studio Solution File, Format Version 12.00
# Visual Studio Version 17
VisualStudioVersion = 17.7.34302.85
MinimumVisualStudioVersion = 10.0.40219.1
Project("{9A19103F-16F7-4668-BE54-9A1E7A4F7556}") = "CarsTARge22", "CarsTARge22\CarsTARge22.csproj", "{A93A9C32-284A-45E4-BC47-4F4E62F26C6D}"
EndProject
Project("{9A19103F-16F7-4668-BE54-9A1E7A4F7556}") = "CarsTARge22.Core", "CarsTARge22.Core\CarsTARge22.Core.csproj", "{66531F8A-DA59-449D-820B-49E96E43DB09}"
EndProject
Project("{9A19103F-16F7-4668-BE54-9A1E7A4F7556}") = "CarTARge22.Data", "CarTARge22.Data\CarTARge22.Data.csproj", "{50CEF1B2-35D4-4E41-8A84-6E24AB605109}"
EndProject
Project("{9A19103F-16F7-4668-BE54-9A1E7A4F7556}") = "CarsTARge22.ApplicationServices", "ApplicationServices\CarsTARge22.ApplicationServices.csproj", "{31E64E75-D33A-44BE-85F4-1A55AF1E69BA}"
EndProject
Project("{FAE04EC0-301F-11D3-BF4B-00C04F79EFBC}") = "CarTARge22.CarsTest", "CarTARge22.CarsTest\CarTARge22.CarsTest.csproj", "{164BCA0E-C034-4AE2-B938-6991ABE0EE55}"
EndProject
Global
	GlobalSection(SolutionConfigurationPlatforms) = preSolution
		Debug|Any CPU = Debug|Any CPU
		Release|Any CPU = Release|Any CPU
	EndGlobalSection
	GlobalSection(ProjectConfigurationPlatforms) = postSolution
		{A93A9C32-284A-45E4-BC47-4F4E62F26C6D}.Debug|Any CPU.ActiveCfg = Debug|Any CPU
		{A93A9C32-284A-45E4-BC47-4F4E62F26C6D}.Debug|Any CPU.Build.0 = Debug|Any CPU
		{A93A9C32-284A-45E4-BC47-4F4E62F26C6D}.Release|Any CPU.ActiveCfg = Release|Any CPU
		{A93A9C32-284A-45E4-BC47-4F4E62F26C6D}.Release|Any CPU.Build.0 = Release|Any CPU
		{66531F8A-DA59-449D-820B-49E96E43DB09}.Debug|Any CPU.ActiveCfg = Debug|Any CPU
		{66531F8A-DA59-449D-820B-49E96E43DB09}.Debug|Any CPU.Build.0 = Debug|Any CPU
		{66531F8A-DA59-449D-820B-49E96E43DB09}.Release|Any CPU.ActiveCfg = Release|Any CPU
		{66531F8A-DA59-449D-820B-49E96E43DB09}.Release|Any CPU.Build.0 = Release|Any CPU
		{50CEF1B2-35D4-4E41-8A84-6E24AB605109}.Debug|Any CPU.ActiveCfg = Debug|Any CPU
		{50CEF1B2-35D4-4E41-8A84-6E24AB605109}.Debug|Any CPU.Build.0 = Debug|Any CPU
		{50CEF1B2-35D4-4E41-8A84-6E24AB605109}.Release|Any CPU.ActiveCfg = Release|Any CPU
		{50CEF1B2-35D4-4E41-8A84-6E24AB605109}.Release|Any CPU.Build.0 = Release|Any CPU
		{31E64E75-D33A-44BE-85F4-1A55AF1E69BA}.Debug|Any CPU.ActiveCfg = Debug|Any CPU
		{31E64E75-D33A-44BE-85F4-1A55AF1E69BA}.Debug|Any CPU.Build.0 = Debug|Any CPU
		{31E64E75-D33A-44BE-85F4-1A55AF1E69BA}.Release|Any CPU.ActiveCfg = Release|Any CPU
		{31E64E75-D33A-44BE-85F4-1A55AF1E69BA}.Release|Any CPU.Build.0 = Release|Any CPU
		{164BCA0E-C034-4AE2-B938-6991ABE0EE55}.Debug|Any CPU.ActiveCfg = Debug|Any CPU
		{164BCA0E-C034-4AE2-B938-6991ABE0EE55}.Debug|Any CPU.Build.0 = Debug|Any CPU
		{164BCA0E-C034-4AE2-B938-6991ABE0EE55}.Release|Any CPU.ActiveCfg = Release|Any CPU
		{164BCA0E-C034-4AE2-B938-6991ABE0EE55}.Release|Any CPU.Build.0 = Release|Any CPU
	EndGlobalSection
	GlobalSection(SolutionProperties) = preSolution
		HideSolutionNode = FALSE
	EndGlobalSection
	GlobalSection(ExtensibilityGlobals) = postSolution
		SolutionGuid = {EA4C29D3-9BD0-48AF-A112-0D213E70EDBF}
	EndGlobalSection
EndGlobal
